
Microsoft Visual Studio Solution File, Format Version 12.00
# Visual Studio Version 17
VisualStudioVersion = 17.14.36414.22 d17.14
MinimumVisualStudioVersion = 10.0.40219.1
Project("{FAE04EC0-301F-11D3-BF4B-00C04F79EFBC}") = "Demo-persistencia", "Demo-persistencia.csproj", "{A9293465-A33B-42F3-874F-AA1434EEF35A}"
EndProject
Global
	GlobalSection(SolutionConfigurationPlatforms) = preSolution
		Debug|Any CPU = Debug|Any CPU
		Release|Any CPU = Release|Any CPU
	EndGlobalSection
	GlobalSection(ProjectConfigurationPlatforms) = postSolution
		{A9293465-A33B-42F3-874F-AA1434EEF35A}.Debug|Any CPU.ActiveCfg = Debug|Any CPU
		{A9293465-A33B-42F3-874F-AA1434EEF35A}.Debug|Any CPU.Build.0 = Debug|Any CPU
		{A9293465-A33B-42F3-874F-AA1434EEF35A}.Release|Any CPU.ActiveCfg = Release|Any CPU
		{A9293465-A33B-42F3-874F-AA1434EEF35A}.Release|Any CPU.Build.0 = Release|Any CPU
	EndGlobalSection
	GlobalSection(SolutionProperties) = preSolution
		HideSolutionNode = FALSE
	EndGlobalSection
	GlobalSection(ExtensibilityGlobals) = postSolution
		SolutionGuid = {717818BD-D631-4E37-9223-43F526E79BA8}
	EndGlobalSection
EndGlobal
