Microsoft Visual Studio Solution File, Format Version 12.00
# Visual Studio Version 17
VisualStudioVersion = 17.5.2.0
MinimumVisualStudioVersion = 10.0.40219.1
Project("{FAE04EC0-301F-11D3-BF4B-00C04F79EFBC}") = "escuchify_api", "escuchify_api.csproj", "{F4CB630A-0370-1BA2-6CE3-4A33F8881468}"
EndProject
Global
	GlobalSection(SolutionConfigurationPlatforms) = preSolution
		Debug|Any CPU = Debug|Any CPU
		Release|Any CPU = Release|Any CPU
	EndGlobalSection
	GlobalSection(ProjectConfigurationPlatforms) = postSolution
		{F4CB630A-0370-1BA2-6CE3-4A33F8881468}.Debug|Any CPU.ActiveCfg = Debug|Any CPU
		{F4CB630A-0370-1BA2-6CE3-4A33F8881468}.Debug|Any CPU.Build.0 = Debug|Any CPU
		{F4CB630A-0370-1BA2-6CE3-4A33F8881468}.Release|Any CPU.ActiveCfg = Release|Any CPU
		{F4CB630A-0370-1BA2-6CE3-4A33F8881468}.Release|Any CPU.Build.0 = Release|Any CPU
	EndGlobalSection
	GlobalSection(SolutionProperties) = preSolution
		HideSolutionNode = FALSE
	EndGlobalSection
	GlobalSection(ExtensibilityGlobals) = postSolution
		SolutionGuid = {9C0E21E2-C8ED-427C-A9F9-2F33C8E9D721}
	EndGlobalSection
EndGlobal
