
Microsoft Visual Studio Solution File, Format Version 12.00
# Visual Studio Version 17
VisualStudioVersion = 17.14.36414.22 d17.14
MinimumVisualStudioVersion = 10.0.40219.1
Project("{FAE04EC0-301F-11D3-BF4B-00C04F79EFBC}") = "Proyecto1", "Proyecto1.csproj", "{A796CC50-845F-49B1-A6BB-84283B5D9430}"
EndProject
Global
	GlobalSection(SolutionConfigurationPlatforms) = preSolution
		Debug|Any CPU = Debug|Any CPU
		Release|Any CPU = Release|Any CPU
	EndGlobalSection
	GlobalSection(ProjectConfigurationPlatforms) = postSolution
		{A796CC50-845F-49B1-A6BB-84283B5D9430}.Debug|Any CPU.ActiveCfg = Debug|Any CPU
		{A796CC50-845F-49B1-A6BB-84283B5D9430}.Debug|Any CPU.Build.0 = Debug|Any CPU
		{A796CC50-845F-49B1-A6BB-84283B5D9430}.Release|Any CPU.ActiveCfg = Release|Any CPU
		{A796CC50-845F-49B1-A6BB-84283B5D9430}.Release|Any CPU.Build.0 = Release|Any CPU
	EndGlobalSection
	GlobalSection(SolutionProperties) = preSolution
		HideSolutionNode = FALSE
	EndGlobalSection
	GlobalSection(ExtensibilityGlobals) = postSolution
		SolutionGuid = {EE781E60-174F-496C-AA69-D11B95AD7C37}
	EndGlobalSection
EndGlobal
